
Microsoft Visual Studio Solution File, Format Version 12.00
# Visual Studio Version 16
VisualStudioVersion = 16.0.31624.102
MinimumVisualStudioVersion = 10.0.40219.1
Project("{9A19103F-16F7-4668-BE54-9A1E7A4F7556}") = "ClassRichPresence", "ClassRichPresence\ClassRichPresence.csproj", "{80C02D68-80E5-4C46-80B1-938ABC19DD32}"
EndProject
Global
	GlobalSection(SolutionConfigurationPlatforms) = preSolution
		Debug|Any CPU = Debug|Any CPU
		Release|Any CPU = Release|Any CPU
	EndGlobalSection
	GlobalSection(ProjectConfigurationPlatforms) = postSolution
		{80C02D68-80E5-4C46-80B1-938ABC19DD32}.Debug|Any CPU.ActiveCfg = Debug|Any CPU
		{80C02D68-80E5-4C46-80B1-938ABC19DD32}.Debug|Any CPU.Build.0 = Debug|Any CPU
		{80C02D68-80E5-4C46-80B1-938ABC19DD32}.Release|Any CPU.ActiveCfg = Release|Any CPU
		{80C02D68-80E5-4C46-80B1-938ABC19DD32}.Release|Any CPU.Build.0 = Release|Any CPU
	EndGlobalSection
	GlobalSection(SolutionProperties) = preSolution
		HideSolutionNode = FALSE
	EndGlobalSection
	GlobalSection(ExtensibilityGlobals) = postSolution
		SolutionGuid = {47106BF6-E601-413E-BB6E-CC63F216359E}
	EndGlobalSection
EndGlobal
